// !$*UTF8*$!
{
	archiveVersion = 1;
	classes = {
	};
	objectVersion = 46;
	objects = {

/* Begin PBXBuildFile section */
		82F84E7A1B15DAE70015F076 /* main.m in Sources */ = {isa = PBXBuildFile; fileRef = 82F84E791B15DAE70015F076 /* main.m */; };
		82F84E7D1B15DAE70015F076 /* AppDelegate.m in Sources */ = {isa = PBXBuildFile; fileRef = 82F84E7C1B15DAE70015F076 /* AppDelegate.m */; };
		82F84E801B15DAE70015F076 /* ViewController.m in Sources */ = {isa = PBXBuildFile; fileRef = 82F84E7F1B15DAE70015F076 /* ViewController.m */; };
		82F84E831B15DAE70015F076 /* Main.storyboard in Resources */ = {isa = PBXBuildFile; fileRef = 82F84E811B15DAE70015F076 /* Main.storyboard */; };
		82F84E851B15DAE70015F076 /* Images.xcassets in Resources */ = {isa = PBXBuildFile; fileRef = 82F84E841B15DAE70015F076 /* Images.xcassets */; };
		82F84E881B15DAE70015F076 /* LaunchScreen.xib in Resources */ = {isa = PBXBuildFile; fileRef = 82F84E861B15DAE70015F076 /* LaunchScreen.xib */; };
		82F84E941B15DAE70015F076 /* ABFormValidatorTests.m in Sources */ = {isa = PBXBuildFile; fileRef = 82F84E931B15DAE70015F076 /* ABFormValidatorTests.m */; };
		82F84EA41B15DB2F0015F076 /* ABTextboxToolbarHandler.m in Sources */ = {isa = PBXBuildFile; fileRef = 82F84E9F1B15DB2F0015F076 /* ABTextboxToolbarHandler.m */; };
		82F84EA51B15DB2F0015F076 /* ABTextField.m in Sources */ = {isa = PBXBuildFile; fileRef = 82F84EA11B15DB2F0015F076 /* ABTextField.m */; };
		82F84EA61B15DB2F0015F076 /* NSString+Validation.m in Sources */ = {isa = PBXBuildFile; fileRef = 82F84EA31B15DB2F0015F076 /* NSString+Validation.m */; };
/* End PBXBuildFile section */

/* Begin PBXContainerItemProxy section */
		82F84E8E1B15DAE70015F076 /* PBXContainerItemProxy */ = {
			isa = PBXContainerItemProxy;
			containerPortal = 82F84E6C1B15DAE70015F076 /* Project object */;
			proxyType = 1;
			remoteGlobalIDString = 82F84E731B15DAE70015F076;
			remoteInfo = ABFormValidator;
		};
/* End PBXContainerItemProxy section */

/* Begin PBXFileReference section */
		82F84E741B15DAE70015F076 /* ABFormValidator.app */ = {isa = PBXFileReference; explicitFileType = wrapper.application; includeInIndex = 0; path = ABFormValidator.app; sourceTree = BUILT_PRODUCTS_DIR; };
		82F84E781B15DAE70015F076 /* Info.plist */ = {isa = PBXFileReference; lastKnownFileType = text.plist.xml; path = Info.plist; sourceTree = "<group>"; };
		82F84E791B15DAE70015F076 /* main.m */ = {isa = PBXFileReference; lastKnownFileType = sourcecode.c.objc; path = main.m; sourceTree = "<group>"; };
		82F84E7B1B15DAE70015F076 /* AppDelegate.h */ = {isa = PBXFileReference; lastKnownFileType = sourcecode.c.h; path = AppDelegate.h; sourceTree = "<group>"; };
		82F84E7C1B15DAE70015F076 /* AppDelegate.m */ = {isa = PBXFileReference; lastKnownFileType = sourcecode.c.objc; path = AppDelegate.m; sourceTree = "<group>"; };
		82F84E7E1B15DAE70015F076 /* ViewController.h */ = {isa = PBXFileReference; lastKnownFileType = sourcecode.c.h; path = ViewController.h; sourceTree = "<group>"; };
		82F84E7F1B15DAE70015F076 /* ViewController.m */ = {isa = PBXFileReference; lastKnownFileType = sourcecode.c.objc; path = ViewController.m; sourceTree = "<group>"; };
		82F84E821B15DAE70015F076 /* Base */ = {isa = PBXFileReference; lastKnownFileType = file.storyboard; name = Base; path = Base.lproj/Main.storyboard; sourceTree = "<group>"; };
		82F84E841B15DAE70015F076 /* Images.xcassets */ = {isa = PBXFileReference; lastKnownFileType = folder.assetcatalog; path = Images.xcassets; sourceTree = "<group>"; };
		82F84E871B15DAE70015F076 /* Base */ = {isa = PBXFileReference; lastKnownFileType = file.xib; name = Base; path = Base.lproj/LaunchScreen.xib; sourceTree = "<group>"; };
		82F84E8D1B15DAE70015F076 /* ABFormValidatorTests.xctest */ = {isa = PBXFileReference; explicitFileType = wrapper.cfbundle; includeInIndex = 0; path = ABFormValidatorTests.xctest; sourceTree = BUILT_PRODUCTS_DIR; };
		82F84E921B15DAE70015F076 /* Info.plist */ = {isa = PBXFileReference; lastKnownFileType = text.plist.xml; path = Info.plist; sourceTree = "<group>"; };
		82F84E931B15DAE70015F076 /* ABFormValidatorTests.m */ = {isa = PBXFileReference; lastKnownFileType = sourcecode.c.objc; path = ABFormValidatorTests.m; sourceTree = "<group>"; };
		82F84E9E1B15DB2F0015F076 /* ABTextboxToolbarHandler.h */ = {isa = PBXFileReference; fileEncoding = 4; lastKnownFileType = sourcecode.c.h; path = ABTextboxToolbarHandler.h; sourceTree = "<group>"; };
		82F84E9F1B15DB2F0015F076 /* ABTextboxToolbarHandler.m */ = {isa = PBXFileReference; fileEncoding = 4; lastKnownFileType = sourcecode.c.objc; path = ABTextboxToolbarHandler.m; sourceTree = "<group>"; };
		82F84EA01B15DB2F0015F076 /* ABTextField.h */ = {isa = PBXFileReference; fileEncoding = 4; lastKnownFileType = sourcecode.c.h; path = ABTextField.h; sourceTree = "<group>"; };
		82F84EA11B15DB2F0015F076 /* ABTextField.m */ = {isa = PBXFileReference; fileEncoding = 4; lastKnownFileType = sourcecode.c.objc; path = ABTextField.m; sourceTree = "<group>"; };
		82F84EA21B15DB2F0015F076 /* NSString+Validation.h */ = {isa = PBXFileReference; fileEncoding = 4; lastKnownFileType = sourcecode.c.h; path = "NSString+Validation.h"; sourceTree = "<group>"; };
		82F84EA31B15DB2F0015F076 /* NSString+Validation.m */ = {isa = PBXFileReference; fileEncoding = 4; lastKnownFileType = sourcecode.c.objc; path = "NSString+Validation.m"; sourceTree = "<group>"; };
/* End PBXFileReference section */

/* Begin PBXFrameworksBuildPhase section */
		82F84E711B15DAE70015F076 /* Frameworks */ = {
			isa = PBXFrameworksBuildPhase;
			buildActionMask = 2147483647;
			files = (
			);
			runOnlyForDeploymentPostprocessing = 0;
		};
		82F84E8A1B15DAE70015F076 /* Frameworks */ = {
			isa = PBXFrameworksBuildPhase;
			buildActionMask = 2147483647;
			files = (
			);
			runOnlyForDeploymentPostprocessing = 0;
		};
/* End PBXFrameworksBuildPhase section */

/* Begin PBXGroup section */
		82F84E6B1B15DAE70015F076 = {
			isa = PBXGroup;
			children = (
				82F84E761B15DAE70015F076 /* ABFormValidator */,
				82F84E901B15DAE70015F076 /* ABFormValidatorTests */,
				82F84E751B15DAE70015F076 /* Products */,
			);
			sourceTree = "<group>";
		};
		82F84E751B15DAE70015F076 /* Products */ = {
			isa = PBXGroup;
			children = (
				82F84E741B15DAE70015F076 /* ABFormValidator.app */,
				82F84E8D1B15DAE70015F076 /* ABFormValidatorTests.xctest */,
			);
			name = Products;
			sourceTree = "<group>";
		};
		82F84E761B15DAE70015F076 /* ABFormValidator */ = {
			isa = PBXGroup;
			children = (
				82F84E9D1B15DB2F0015F076 /* Library */,
				82F84E7B1B15DAE70015F076 /* AppDelegate.h */,
				82F84E7C1B15DAE70015F076 /* AppDelegate.m */,
				82F84E7E1B15DAE70015F076 /* ViewController.h */,
				82F84E7F1B15DAE70015F076 /* ViewController.m */,
				82F84E811B15DAE70015F076 /* Main.storyboard */,
				82F84E841B15DAE70015F076 /* Images.xcassets */,
				82F84E861B15DAE70015F076 /* LaunchScreen.xib */,
				82F84E771B15DAE70015F076 /* Supporting Files */,
			);
			path = ABFormValidator;
			sourceTree = "<group>";
		};
		82F84E771B15DAE70015F076 /* Supporting Files */ = {
			isa = PBXGroup;
			children = (
				82F84E781B15DAE70015F076 /* Info.plist */,
				82F84E791B15DAE70015F076 /* main.m */,
			);
			name = "Supporting Files";
			sourceTree = "<group>";
		};
		82F84E901B15DAE70015F076 /* ABFormValidatorTests */ = {
			isa = PBXGroup;
			children = (
				82F84E931B15DAE70015F076 /* ABFormValidatorTests.m */,
				82F84E911B15DAE70015F076 /* Supporting Files */,
			);
			path = ABFormValidatorTests;
			sourceTree = "<group>";
		};
		82F84E911B15DAE70015F076 /* Supporting Files */ = {
			isa = PBXGroup;
			children = (
				82F84E921B15DAE70015F076 /* Info.plist */,
			);
			name = "Supporting Files";
			sourceTree = "<group>";
		};
		82F84E9D1B15DB2F0015F076 /* Library */ = {
			isa = PBXGroup;
			children = (
				82F84E9E1B15DB2F0015F076 /* ABTextboxToolbarHandler.h */,
				82F84E9F1B15DB2F0015F076 /* ABTextboxToolbarHandler.m */,
				82F84EA01B15DB2F0015F076 /* ABTextField.h */,
				82F84EA11B15DB2F0015F076 /* ABTextField.m */,
				82F84EA21B15DB2F0015F076 /* NSString+Validation.h */,
				82F84EA31B15DB2F0015F076 /* NSString+Validation.m */,
			);
			path = Library;
			sourceTree = "<group>";
		};
/* End PBXGroup section */

/* Begin PBXNativeTarget section */
		82F84E731B15DAE70015F076 /* ABFormValidator */ = {
			isa = PBXNativeTarget;
			buildConfigurationList = 82F84E971B15DAE70015F076 /* Build configuration list for PBXNativeTarget "ABFormValidator" */;
			buildPhases = (
				82F84E701B15DAE70015F076 /* Sources */,
				82F84E711B15DAE70015F076 /* Frameworks */,
				82F84E721B15DAE70015F076 /* Resources */,
			);
			buildRules = (
			);
			dependencies = (
			);
			name = ABFormValidator;
			productName = ABFormValidator;
			productReference = 82F84E741B15DAE70015F076 /* ABFormValidator.app */;
			productType = "com.apple.product-type.application";
		};
		82F84E8C1B15DAE70015F076 /* ABFormValidatorTests */ = {
			isa = PBXNativeTarget;
			buildConfigurationList = 82F84E9A1B15DAE70015F076 /* Build configuration list for PBXNativeTarget "ABFormValidatorTests" */;
			buildPhases = (
				82F84E891B15DAE70015F076 /* Sources */,
				82F84E8A1B15DAE70015F076 /* Frameworks */,
				82F84E8B1B15DAE70015F076 /* Resources */,
			);
			buildRules = (
			);
			dependencies = (
				82F84E8F1B15DAE70015F076 /* PBXTargetDependency */,
			);
			name = ABFormValidatorTests;
			productName = ABFormValidatorTests;
			productReference = 82F84E8D1B15DAE70015F076 /* ABFormValidatorTests.xctest */;
			productType = "com.apple.product-type.bundle.unit-test";
		};
/* End PBXNativeTarget section */

/* Begin PBXProject section */
		82F84E6C1B15DAE70015F076 /* Project object */ = {
			isa = PBXProject;
			attributes = {
				LastUpgradeCheck = 0630;
				ORGANIZATIONNAME = AmitBhavsar;
				TargetAttributes = {
					82F84E731B15DAE70015F076 = {
						CreatedOnToolsVersion = 6.3;
					};
					82F84E8C1B15DAE70015F076 = {
						CreatedOnToolsVersion = 6.3;
						TestTargetID = 82F84E731B15DAE70015F076;
					};
				};
			};
			buildConfigurationList = 82F84E6F1B15DAE70015F076 /* Build configuration list for PBXProject "ABFormValidator" */;
			compatibilityVersion = "Xcode 3.2";
			developmentRegion = English;
			hasScannedForEncodings = 0;
			knownRegions = (
				en,
				Base,
			);
			mainGroup = 82F84E6B1B15DAE70015F076;
			productRefGroup = 82F84E751B15DAE70015F076 /* Products */;
			projectDirPath = "";
			projectRoot = "";
			targets = (
				82F84E731B15DAE70015F076 /* ABFormValidator */,
				82F84E8C1B15DAE70015F076 /* ABFormValidatorTests */,
			);
		};
/* End PBXProject section */

/* Begin PBXResourcesBuildPhase section */
		82F84E721B15DAE70015F076 /* Resources */ = {
			isa = PBXResourcesBuildPhase;
			buildActionMask = 2147483647;
			files = (
				82F84E831B15DAE70015F076 /* Main.storyboard in Resources */,
				82F84E881B15DAE70015F076 /* LaunchScreen.xib in Resources */,
				82F84E851B15DAE70015F076 /* Images.xcassets in Resources */,
			);
			runOnlyForDeploymentPostprocessing = 0;
		};
		82F84E8B1B15DAE70015F076 /* Resources */ = {
			isa = PBXResourcesBuildPhase;
			buildActionMask = 2147483647;
			files = (
			);
			runOnlyForDeploymentPostprocessing = 0;
		};
/* End PBXResourcesBuildPhase section */

/* Begin PBXSourcesBuildPhase section */
		82F84E701B15DAE70015F076 /* Sources */ = {
			isa = PBXSourcesBuildPhase;
			buildActionMask = 2147483647;
			files = (
				82F84EA61B15DB2F0015F076 /* NSString+Validation.m in Sources */,
				82F84E801B15DAE70015F076 /* ViewController.m in Sources */,
				82F84E7D1B15DAE70015F076 /* AppDelegate.m in Sources */,
				82F84EA41B15DB2F0015F076 /* ABTextboxToolbarHandler.m in Sources */,
				82F84E7A1B15DAE70015F076 /* main.m in Sources */,
				82F84EA51B15DB2F0015F076 /* ABTextField.m in Sources */,
			);
			runOnlyForDeploymentPostprocessing = 0;
		};
		82F84E891B15DAE70015F076 /* Sources */ = {
			isa = PBXSourcesBuildPhase;
			buildActionMask = 2147483647;
			files = (
				82F84E941B15DAE70015F076 /* ABFormValidatorTests.m in Sources */,
			);
			runOnlyForDeploymentPostprocessing = 0;
		};
/* End PBXSourcesBuildPhase section */

/* Begin PBXTargetDependency section */
		82F84E8F1B15DAE70015F076 /* PBXTargetDependency */ = {
			isa = PBXTargetDependency;
			target = 82F84E731B15DAE70015F076 /* ABFormValidator */;
			targetProxy = 82F84E8E1B15DAE70015F076 /* PBXContainerItemProxy */;
		};
/* End PBXTargetDependency section */

/* Begin PBXVariantGroup section */
		82F84E811B15DAE70015F076 /* Main.storyboard */ = {
			isa = PBXVariantGroup;
			children = (
				82F84E821B15DAE70015F076 /* Base */,
			);
			name = Main.storyboard;
			sourceTree = "<group>";
		};
		82F84E861B15DAE70015F076 /* LaunchScreen.xib */ = {
			isa = PBXVariantGroup;
			children = (
				82F84E871B15DAE70015F076 /* Base */,
			);
			name = LaunchScreen.xib;
			sourceTree = "<group>";
		};
/* End PBXVariantGroup section */

/* Begin XCBuildConfiguration section */
		82F84E951B15DAE70015F076 /* Debug */ = {
			isa = XCBuildConfiguration;
			buildSettings = {
				ALWAYS_SEARCH_USER_PATHS = NO;
				CLANG_CXX_LANGUAGE_STANDARD = "gnu++0x";
				CLANG_CXX_LIBRARY = "libc++";
				CLANG_ENABLE_MODULES = YES;
				CLANG_ENABLE_OBJC_ARC = YES;
				CLANG_WARN_BOOL_CONVERSION = YES;
				CLANG_WARN_CONSTANT_CONVERSION = YES;
				CLANG_WARN_DIRECT_OBJC_ISA_USAGE = YES_ERROR;
				CLANG_WARN_EMPTY_BODY = YES;
				CLANG_WARN_ENUM_CONVERSION = YES;
				CLANG_WARN_INT_CONVERSION = YES;
				CLANG_WARN_OBJC_ROOT_CLASS = YES_ERROR;
				CLANG_WARN_UNREACHABLE_CODE = YES;
				CLANG_WARN__DUPLICATE_METHOD_MATCH = YES;
				"CODE_SIGN_IDENTITY[sdk=iphoneos*]" = "iPhone Developer";
				COPY_PHASE_STRIP = NO;
				DEBUG_INFORMATION_FORMAT = "dwarf-with-dsym";
				ENABLE_STRICT_OBJC_MSGSEND = YES;
				GCC_C_LANGUAGE_STANDARD = gnu99;
				GCC_DYNAMIC_NO_PIC = NO;
				GCC_NO_COMMON_BLOCKS = YES;
				GCC_OPTIMIZATION_LEVEL = 0;
				GCC_PREPROCESSOR_DEFINITIONS = (
					"DEBUG=1",
					"$(inherited)",
				);
				GCC_SYMBOLS_PRIVATE_EXTERN = NO;
				GCC_WARN_64_TO_32_BIT_CONVERSION = YES;
				GCC_WARN_ABOUT_RETURN_TYPE = YES_ERROR;
				GCC_WARN_UNDECLARED_SELECTOR = YES;
				GCC_WARN_UNINITIALIZED_AUTOS = YES_AGGRESSIVE;
				GCC_WARN_UNUSED_FUNCTION = YES;
				GCC_WARN_UNUSED_VARIABLE = YES;
				IPHONEOS_DEPLOYMENT_TARGET = 8.3;
				MTL_ENABLE_DEBUG_INFO = YES;
				ONLY_ACTIVE_ARCH = YES;
				SDKROOT = iphoneos;
			};
			name = Debug;
		};
		82F84E961B15DAE70015F076 /* Release */ = {
			isa = XCBuildConfiguration;
			buildSettings = {
				ALWAYS_SEARCH_USER_PATHS = NO;
				CLANG_CXX_LANGUAGE_STANDARD = "gnu++0x";
				CLANG_CXX_LIBRARY = "libc++";
				CLANG_ENABLE_MODULES = YES;
				CLANG_ENABLE_OBJC_ARC = YES;
				CLANG_WARN_BOOL_CONVERSION = YES;
				CLANG_WARN_CONSTANT_CONVERSION = YES;
				CLANG_WARN_DIRECT_OBJC_ISA_USAGE = YES_ERROR;
				CLANG_WARN_EMPTY_BODY = YES;
				CLANG_WARN_ENUM_CONVERSION = YES;
				CLANG_WARN_INT_CONVERSION = YES;
				CLANG_WARN_OBJC_ROOT_CLASS = YES_ERROR;
				CLANG_WARN_UNREACHABLE_CODE = YES;
				CLANG_WARN__DUPLICATE_METHOD_MATCH = YES;
				"CODE_SIGN_IDENTITY[sdk=iphoneos*]" = "iPhone Developer";
				COPY_PHASE_STRIP = NO;
				DEBUG_INFORMATION_FORMAT = "dwarf-with-dsym";
				ENABLE_NS_ASSERTIONS = NO;
				ENABLE_STRICT_OBJC_MSGSEND = YES;
				GCC_C_LANGUAGE_STANDARD = gnu99;
				GCC_NO_COMMON_BLOCKS = YES;
				GCC_WARN_64_TO_32_BIT_CONVERSION = YES;
				GCC_WARN_ABOUT_RETURN_TYPE = YES_ERROR;
				GCC_WARN_UNDECLARED_SELECTOR = YES;
				GCC_WARN_UNINITIALIZED_AUTOS = YES_AGGRESSIVE;
				GCC_WARN_UNUSED_FUNCTION = YES;
				GCC_WARN_UNUSED_VARIABLE = YES;
				IPHONEOS_DEPLOYMENT_TARGET = 8.3;
				MTL_ENABLE_DEBUG_INFO = NO;
				SDKROOT = iphoneos;
				VALIDATE_PRODUCT = YES;
			};
			name = Release;
		};
		82F84E981B15DAE70015F076 /* Debug */ = {
			isa = XCBuildConfiguration;
			buildSettings = {
				ASSETCATALOG_COMPILER_APPICON_NAME = AppIcon;
				INFOPLIST_FILE = ABFormValidator/Info.plist;
				IPHONEOS_DEPLOYMENT_TARGET = 7.0;
				LD_RUNPATH_SEARCH_PATHS = "$(inherited) @executable_path/Frameworks";
				PRODUCT_NAME = "$(TARGET_NAME)";
			};
			name = Debug;
		};
		82F84E991B15DAE70015F076 /* Release */ = {
			isa = XCBuildConfiguration;
			buildSettings = {
				ASSETCATALOG_COMPILER_APPICON_NAME = AppIcon;
				INFOPLIST_FILE = ABFormValidator/Info.plist;
				IPHONEOS_DEPLOYMENT_TARGET = 7.0;
				LD_RUNPATH_SEARCH_PATHS = "$(inherited) @executable_path/Frameworks";
				PRODUCT_NAME = "$(TARGET_NAME)";
			};
			name = Release;
		};
		82F84E9B1B15DAE70015F076 /* Debug */ = {
			isa = XCBuildConfiguration;
			buildSettings = {
				BUNDLE_LOADER = "$(TEST_HOST)";
				FRAMEWORK_SEARCH_PATHS = (
					"$(SDKROOT)/Developer/Library/Frameworks",
					"$(inherited)",
				);
				GCC_PREPROCESSOR_DEFINITIONS = (
					"DEBUG=1",
					"$(inherited)",
				);
				INFOPLIST_FILE = ABFormValidatorTests/Info.plist;
				LD_RUNPATH_SEARCH_PATHS = "$(inherited) @executable_path/Frameworks @loader_path/Frameworks";
				PRODUCT_NAME = "$(TARGET_NAME)";
				TEST_HOST = "$(BUILT_PRODUCTS_DIR)/ABFormValidator.app/ABFormValidator";
			};
			name = Debug;
		};
		82F84E9C1B15DAE70015F076 /* Release */ = {
			isa = XCBuildConfiguration;
			buildSettings = {
				BUNDLE_LOADER = "$(TEST_HOST)";
				FRAMEWORK_SEARCH_PATHS = (
					"$(SDKROOT)/Developer/Library/Frameworks",
					"$(inherited)",
				);
				INFOPLIST_FILE = ABFormValidatorTests/Info.plist;
				LD_RUNPATH_SEARCH_PATHS = "$(inherited) @executable_path/Frameworks @loader_path/Frameworks";
				PRODUCT_NAME = "$(TARGET_NAME)";
				TEST_HOST = "$(BUILT_PRODUCTS_DIR)/ABFormValidator.app/ABFormValidator";
			};
			name = Release;
		};
/* End XCBuildConfiguration section */

/* Begin XCConfigurationList section */
		82F84E6F1B15DAE70015F076 /* Build configuration list for PBXProject "ABFormValidator" */ = {
			isa = XCConfigurationList;
			buildConfigurations = (
				82F84E951B15DAE70015F076 /* Debug */,
				82F84E961B15DAE70015F076 /* Release */,
			);
			defaultConfigurationIsVisible = 0;
			defaultConfigurationName = Release;
		};
		82F84E971B15DAE70015F076 /* Build configuration list for PBXNativeTarget "ABFormValidator" */ = {
			isa = XCConfigurationList;
			buildConfigurations = (
				82F84E981B15DAE70015F076 /* Debug */,
				82F84E991B15DAE70015F076 /* Release */,
			);
			defaultConfigurationIsVisible = 0;
		};
		82F84E9A1B15DAE70015F076 /* Build configuration list for PBXNativeTarget "ABFormValidatorTests" */ = {
			isa = XCConfigurationList;
			buildConfigurations = (
				82F84E9B1B15DAE70015F076 /* Debug */,
				82F84E9C1B15DAE70015F076 /* Release */,
			);
			defaultConfigurationIsVisible = 0;
		};
/* End XCConfigurationList section */
	};
	rootObject = 82F84E6C1B15DAE70015F076 /* Project object */;
}
